
Microsoft Visual Studio Solution File, Format Version 12.00
# Visual Studio Version 17
VisualStudioVersion = 17.3.32922.545
MinimumVisualStudioVersion = 10.0.40219.1
Project("{FAE04EC0-301F-11D3-BF4B-00C04F79EFBC}") = "Homework8.2", "Homework8.2\Homework8.2.csproj", "{388FFCC7-518F-43DD-952B-6C47DDB0FC92}"
EndProject
Global
	GlobalSection(SolutionConfigurationPlatforms) = preSolution
		Debug|Any CPU = Debug|Any CPU
		Release|Any CPU = Release|Any CPU
	EndGlobalSection
	GlobalSection(ProjectConfigurationPlatforms) = postSolution
		{388FFCC7-518F-43DD-952B-6C47DDB0FC92}.Debug|Any CPU.ActiveCfg = Debug|Any CPU
		{388FFCC7-518F-43DD-952B-6C47DDB0FC92}.Debug|Any CPU.Build.0 = Debug|Any CPU
		{388FFCC7-518F-43DD-952B-6C47DDB0FC92}.Release|Any CPU.ActiveCfg = Release|Any CPU
		{388FFCC7-518F-43DD-952B-6C47DDB0FC92}.Release|Any CPU.Build.0 = Release|Any CPU
	EndGlobalSection
	GlobalSection(SolutionProperties) = preSolution
		HideSolutionNode = FALSE
	EndGlobalSection
	GlobalSection(ExtensibilityGlobals) = postSolution
		SolutionGuid = {F553D5F3-B4AF-4581-9204-45C6610A7E21}
	EndGlobalSection
EndGlobal
